
Microsoft Visual Studio Solution File, Format Version 12.00
# Visual Studio Version 16
VisualStudioVersion = 16.0.29102.190
MinimumVisualStudioVersion = 10.0.40219.1
Project("{FAE04EC0-301F-11D3-BF4B-00C04F79EFBC}") = "Serveur", "Serveur\Serveur.csproj", "{977F3EE2-FB80-4B17-8A3A-03D140DF5F56}"
EndProject
Global
	GlobalSection(SolutionConfigurationPlatforms) = preSolution
		Debug|Any CPU = Debug|Any CPU
		Release|Any CPU = Release|Any CPU
	EndGlobalSection
	GlobalSection(ProjectConfigurationPlatforms) = postSolution
		{977F3EE2-FB80-4B17-8A3A-03D140DF5F56}.Debug|Any CPU.ActiveCfg = Debug|Any CPU
		{977F3EE2-FB80-4B17-8A3A-03D140DF5F56}.Debug|Any CPU.Build.0 = Debug|Any CPU
		{977F3EE2-FB80-4B17-8A3A-03D140DF5F56}.Release|Any CPU.ActiveCfg = Release|Any CPU
		{977F3EE2-FB80-4B17-8A3A-03D140DF5F56}.Release|Any CPU.Build.0 = Release|Any CPU
	EndGlobalSection
	GlobalSection(SolutionProperties) = preSolution
		HideSolutionNode = FALSE
	EndGlobalSection
	GlobalSection(ExtensibilityGlobals) = postSolution
		SolutionGuid = {BB0685C5-3E1C-45F9-B21C-A17F49883812}
	EndGlobalSection
EndGlobal
